
Microsoft Visual Studio Solution File, Format Version 12.00
# Visual Studio 14
VisualStudioVersion = 14.0.25420.1
MinimumVisualStudioVersion = 10.0.40219.1
Project("{8BC9CEB8-8B4A-11D0-8D11-00A0C91BC942}") = "prj01", "prj01\prj01.vcxproj", "{0EDE09FD-5A1F-44AB-AF55-1B3532A352D8}"
EndProject
Project("{8BC9CEB8-8B4A-11D0-8D11-00A0C91BC942}") = "prj02", "prj02\prj02.vcxproj", "{766E64A9-4C6B-45D7-9E56-E8DF259829AC}"
EndProject
Global
	GlobalSection(SolutionConfigurationPlatforms) = preSolution
		Debug|x64 = Debug|x64
		Debug|x86 = Debug|x86
		Release|x64 = Release|x64
		Release|x86 = Release|x86
	EndGlobalSection
	GlobalSection(ProjectConfigurationPlatforms) = postSolution
		{0EDE09FD-5A1F-44AB-AF55-1B3532A352D8}.Debug|x64.ActiveCfg = Debug|x64
		{0EDE09FD-5A1F-44AB-AF55-1B3532A352D8}.Debug|x64.Build.0 = Debug|x64
		{0EDE09FD-5A1F-44AB-AF55-1B3532A352D8}.Debug|x86.ActiveCfg = Debug|Win32
		{0EDE09FD-5A1F-44AB-AF55-1B3532A352D8}.Debug|x86.Build.0 = Debug|Win32
		{0EDE09FD-5A1F-44AB-AF55-1B3532A352D8}.Release|x64.ActiveCfg = Release|x64
		{0EDE09FD-5A1F-44AB-AF55-1B3532A352D8}.Release|x64.Build.0 = Release|x64
		{0EDE09FD-5A1F-44AB-AF55-1B3532A352D8}.Release|x86.ActiveCfg = Release|Win32
		{0EDE09FD-5A1F-44AB-AF55-1B3532A352D8}.Release|x86.Build.0 = Release|Win32
		{766E64A9-4C6B-45D7-9E56-E8DF259829AC}.Debug|x64.ActiveCfg = Debug|x64
		{766E64A9-4C6B-45D7-9E56-E8DF259829AC}.Debug|x64.Build.0 = Debug|x64
		{766E64A9-4C6B-45D7-9E56-E8DF259829AC}.Debug|x86.ActiveCfg = Debug|Win32
		{766E64A9-4C6B-45D7-9E56-E8DF259829AC}.Debug|x86.Build.0 = Debug|Win32
		{766E64A9-4C6B-45D7-9E56-E8DF259829AC}.Release|x64.ActiveCfg = Release|x64
		{766E64A9-4C6B-45D7-9E56-E8DF259829AC}.Release|x64.Build.0 = Release|x64
		{766E64A9-4C6B-45D7-9E56-E8DF259829AC}.Release|x86.ActiveCfg = Release|Win32
		{766E64A9-4C6B-45D7-9E56-E8DF259829AC}.Release|x86.Build.0 = Release|Win32
	EndGlobalSection
	GlobalSection(SolutionProperties) = preSolution
		HideSolutionNode = FALSE
	EndGlobalSection
EndGlobal
